
Microsoft Visual Studio Solution File, Format Version 12.00
# Visual Studio Version 17
VisualStudioVersion = 17.14.36414.22 d17.14
MinimumVisualStudioVersion = 10.0.40219.1
Project("{FAE04EC0-301F-11D3-BF4B-00C04F79EFBC}") = "TheWealthBlueprint", "TheWealthBlueprint\TheWealthBlueprint.csproj", "{2214959B-E938-43BD-A09A-AD646ECE5E8B}"
EndProject
Global
	GlobalSection(SolutionConfigurationPlatforms) = preSolution
		Debug|Any CPU = Debug|Any CPU
		Release|Any CPU = Release|Any CPU
	EndGlobalSection
	GlobalSection(ProjectConfigurationPlatforms) = postSolution
		{2214959B-E938-43BD-A09A-AD646ECE5E8B}.Debug|Any CPU.ActiveCfg = Debug|Any CPU
		{2214959B-E938-43BD-A09A-AD646ECE5E8B}.Debug|Any CPU.Build.0 = Debug|Any CPU
		{2214959B-E938-43BD-A09A-AD646ECE5E8B}.Release|Any CPU.ActiveCfg = Release|Any CPU
		{2214959B-E938-43BD-A09A-AD646ECE5E8B}.Release|Any CPU.Build.0 = Release|Any CPU
	EndGlobalSection
	GlobalSection(SolutionProperties) = preSolution
		HideSolutionNode = FALSE
	EndGlobalSection
	GlobalSection(ExtensibilityGlobals) = postSolution
		SolutionGuid = {29FBE1B8-CCFA-41E4-A0D9-9D6EA0A79E10}
	EndGlobalSection
EndGlobal
